
Microsoft Visual Studio Solution File, Format Version 12.00
# Visual Studio Version 16
VisualStudioVersion = 16.0.31019.35
MinimumVisualStudioVersion = 10.0.40219.1
Project("{FAE04EC0-301F-11D3-BF4B-00C04F79EFBC}") = "DemoTrade", "DemoTrade\DemoTrade.csproj", "{B0666BB2-22FA-48FF-9559-AA6BF02A94F8}"
EndProject
Global
	GlobalSection(SolutionConfigurationPlatforms) = preSolution
		Debug|Any CPU = Debug|Any CPU
		Release|Any CPU = Release|Any CPU
	EndGlobalSection
	GlobalSection(ProjectConfigurationPlatforms) = postSolution
		{B0666BB2-22FA-48FF-9559-AA6BF02A94F8}.Debug|Any CPU.ActiveCfg = Debug|Any CPU
		{B0666BB2-22FA-48FF-9559-AA6BF02A94F8}.Debug|Any CPU.Build.0 = Debug|Any CPU
		{B0666BB2-22FA-48FF-9559-AA6BF02A94F8}.Release|Any CPU.ActiveCfg = Release|Any CPU
		{B0666BB2-22FA-48FF-9559-AA6BF02A94F8}.Release|Any CPU.Build.0 = Release|Any CPU
	EndGlobalSection
	GlobalSection(SolutionProperties) = preSolution
		HideSolutionNode = FALSE
	EndGlobalSection
	GlobalSection(ExtensibilityGlobals) = postSolution
		SolutionGuid = {70549B2B-8D4D-4FF6-8DCB-ACDE2A719C23}
	EndGlobalSection
EndGlobal
